
Microsoft Visual Studio Solution File, Format Version 12.00
# Visual Studio 15
VisualStudioVersion = 15.0.28010.2016
MinimumVisualStudioVersion = 10.0.40219.1
Project("{FAE04EC0-301F-11D3-BF4B-00C04F79EFBC}") = "Gradius", "Gradius\Gradius.csproj", "{C1AC556A-C217-465F-87EB-40BE3F5B7246}"
EndProject
Global
	GlobalSection(SolutionConfigurationPlatforms) = preSolution
		Debug|Any CPU = Debug|Any CPU
		Release|Any CPU = Release|Any CPU
	EndGlobalSection
	GlobalSection(ProjectConfigurationPlatforms) = postSolution
		{C1AC556A-C217-465F-87EB-40BE3F5B7246}.Debug|Any CPU.ActiveCfg = Debug|Any CPU
		{C1AC556A-C217-465F-87EB-40BE3F5B7246}.Debug|Any CPU.Build.0 = Debug|Any CPU
		{C1AC556A-C217-465F-87EB-40BE3F5B7246}.Release|Any CPU.ActiveCfg = Release|Any CPU
		{C1AC556A-C217-465F-87EB-40BE3F5B7246}.Release|Any CPU.Build.0 = Release|Any CPU
	EndGlobalSection
	GlobalSection(SolutionProperties) = preSolution
		HideSolutionNode = FALSE
	EndGlobalSection
	GlobalSection(ExtensibilityGlobals) = postSolution
		SolutionGuid = {A021FFDC-5758-4F4C-8C8D-C58CF5F5E85F}
	EndGlobalSection
EndGlobal
